
Microsoft Visual Studio Solution File, Format Version 12.00
# Visual Studio Version 16
VisualStudioVersion = 16.0.31702.278
MinimumVisualStudioVersion = 10.0.40219.1
Project("{FAE04EC0-301F-11D3-BF4B-00C04F79EFBC}") = "Game Counter App", "Game Counter App\Game Counter App.csproj", "{A79F32D8-0FAF-4041-8C33-728B17EF3824}"
EndProject
Global
	GlobalSection(SolutionConfigurationPlatforms) = preSolution
		Debug|Any CPU = Debug|Any CPU
		Release|Any CPU = Release|Any CPU
	EndGlobalSection
	GlobalSection(ProjectConfigurationPlatforms) = postSolution
		{A79F32D8-0FAF-4041-8C33-728B17EF3824}.Debug|Any CPU.ActiveCfg = Debug|Any CPU
		{A79F32D8-0FAF-4041-8C33-728B17EF3824}.Debug|Any CPU.Build.0 = Debug|Any CPU
		{A79F32D8-0FAF-4041-8C33-728B17EF3824}.Release|Any CPU.ActiveCfg = Release|Any CPU
		{A79F32D8-0FAF-4041-8C33-728B17EF3824}.Release|Any CPU.Build.0 = Release|Any CPU
	EndGlobalSection
	GlobalSection(SolutionProperties) = preSolution
		HideSolutionNode = FALSE
	EndGlobalSection
	GlobalSection(ExtensibilityGlobals) = postSolution
		SolutionGuid = {851E94EA-4281-4520-8635-DAF14EC2B5B2}
	EndGlobalSection
EndGlobal
